// !$*UTF8*$!
{
	archiveVersion = 1;
	classes = {
	};
	objectVersion = 50;
	objects = {

/* Begin PBXBuildFile section */
		3A7830C12440BB9800311207 /* AppDelegate.swift in Sources */ = {isa = PBXBuildFile; fileRef = 3A7830C02440BB9800311207 /* AppDelegate.swift */; };
		3A7830C32440BB9800311207 /* SceneDelegate.swift in Sources */ = {isa = PBXBuildFile; fileRef = 3A7830C22440BB9800311207 /* SceneDelegate.swift */; };
		3A7830C52440BB9800311207 /* ViewController.swift in Sources */ = {isa = PBXBuildFile; fileRef = 3A7830C42440BB9800311207 /* ViewController.swift */; };
		3A7830C82440BB9800311207 /* Main.storyboard in Resources */ = {isa = PBXBuildFile; fileRef = 3A7830C62440BB9800311207 /* Main.storyboard */; };
		3A7830CA2440BB9A00311207 /* Assets.xcassets in Resources */ = {isa = PBXBuildFile; fileRef = 3A7830C92440BB9A00311207 /* Assets.xcassets */; };
		3A7830CD2440BB9A00311207 /* LaunchScreen.storyboard in Resources */ = {isa = PBXBuildFile; fileRef = 3A7830CB2440BB9A00311207 /* LaunchScreen.storyboard */; };
		3A7830D52440BCBF00311207 /* MyToDo.swift in Sources */ = {isa = PBXBuildFile; fileRef = 3A7830D42440BCBF00311207 /* MyToDo.swift */; };
/* End PBXBuildFile section */

/* Begin PBXFileReference section */
		3A7830BD2440BB9800311207 /* checkListNoBreaks.app */ = {isa = PBXFileReference; explicitFileType = wrapper.application; includeInIndex = 0; path = checkListNoBreaks.app; sourceTree = BUILT_PRODUCTS_DIR; };
		3A7830C02440BB9800311207 /* AppDelegate.swift */ = {isa = PBXFileReference; lastKnownFileType = sourcecode.swift; path = AppDelegate.swift; sourceTree = "<group>"; };
		3A7830C22440BB9800311207 /* SceneDelegate.swift */ = {isa = PBXFileReference; lastKnownFileType = sourcecode.swift; path = SceneDelegate.swift; sourceTree = "<group>"; };
		3A7830C42440BB9800311207 /* ViewController.swift */ = {isa = PBXFileReference; lastKnownFileType = sourcecode.swift; path = ViewController.swift; sourceTree = "<group>"; };
		3A7830C72440BB9800311207 /* Base */ = {isa = PBXFileReference; lastKnownFileType = file.storyboard; name = Base; path = Base.lproj/Main.storyboard; sourceTree = "<group>"; };
		3A7830C92440BB9A00311207 /* Assets.xcassets */ = {isa = PBXFileReference; lastKnownFileType = folder.assetcatalog; path = Assets.xcassets; sourceTree = "<group>"; };
		3A7830CC2440BB9A00311207 /* Base */ = {isa = PBXFileReference; lastKnownFileType = file.storyboard; name = Base; path = Base.lproj/LaunchScreen.storyboard; sourceTree = "<group>"; };
		3A7830CE2440BB9A00311207 /* Info.plist */ = {isa = PBXFileReference; lastKnownFileType = text.plist.xml; path = Info.plist; sourceTree = "<group>"; };
		3A7830D42440BCBF00311207 /* MyToDo.swift */ = {isa = PBXFileReference; lastKnownFileType = sourcecode.swift; path = MyToDo.swift; sourceTree = "<group>"; };
/* End PBXFileReference section */

/* Begin PBXFrameworksBuildPhase section */
		3A7830BA2440BB9700311207 /* Frameworks */ = {
			isa = PBXFrameworksBuildPhase;
			buildActionMask = 2147483647;
			files = (
			);
			runOnlyForDeploymentPostprocessing = 0;
		};
/* End PBXFrameworksBuildPhase section */

/* Begin PBXGroup section */
		3A7830B42440BB9700311207 = {
			isa = PBXGroup;
			children = (
				3A7830BF2440BB9800311207 /* checkListNoBreaks */,
				3A7830BE2440BB9800311207 /* Products */,
			);
			sourceTree = "<group>";
		};
		3A7830BE2440BB9800311207 /* Products */ = {
			isa = PBXGroup;
			children = (
				3A7830BD2440BB9800311207 /* checkListNoBreaks.app */,
			);
			name = Products;
			sourceTree = "<group>";
		};
		3A7830BF2440BB9800311207 /* checkListNoBreaks */ = {
			isa = PBXGroup;
			children = (
				3A7830C02440BB9800311207 /* AppDelegate.swift */,
				3A7830C22440BB9800311207 /* SceneDelegate.swift */,
				3A7830C42440BB9800311207 /* ViewController.swift */,
				3A7830C62440BB9800311207 /* Main.storyboard */,
				3A7830C92440BB9A00311207 /* Assets.xcassets */,
				3A7830CB2440BB9A00311207 /* LaunchScreen.storyboard */,
				3A7830CE2440BB9A00311207 /* Info.plist */,
				3A7830D42440BCBF00311207 /* MyToDo.swift */,
			);
			path = checkListNoBreaks;
			sourceTree = "<group>";
		};
/* End PBXGroup section */

/* Begin PBXNativeTarget section */
		3A7830BC2440BB9700311207 /* checkListNoBreaks */ = {
			isa = PBXNativeTarget;
			buildConfigurationList = 3A7830D12440BB9A00311207 /* Build configuration list for PBXNativeTarget "checkListNoBreaks" */;
			buildPhases = (
				3A7830B92440BB9700311207 /* Sources */,
				3A7830BA2440BB9700311207 /* Frameworks */,
				3A7830BB2440BB9700311207 /* Resources */,
			);
			buildRules = (
			);
			dependencies = (
			);
			name = checkListNoBreaks;
			productName = checkListNoBreaks;
			productReference = 3A7830BD2440BB9800311207 /* checkListNoBreaks.app */;
			productType = "com.apple.product-type.application";
		};
/* End PBXNativeTarget section */

/* Begin PBXProject section */
		3A7830B52440BB9700311207 /* Project object */ = {
			isa = PBXProject;
			attributes = {
				LastSwiftUpdateCheck = 1130;
				LastUpgradeCheck = 1130;
				ORGANIZATIONNAME = "Field Employee";
				TargetAttributes = {
					3A7830BC2440BB9700311207 = {
						CreatedOnToolsVersion = 11.3.1;
					};
				};
			};
			buildConfigurationList = 3A7830B82440BB9700311207 /* Build configuration list for PBXProject "checkListNoBreaks" */;
			compatibilityVersion = "Xcode 9.3";
			developmentRegion = en;
			hasScannedForEncodings = 0;
			knownRegions = (
				en,
				Base,
			);
			mainGroup = 3A7830B42440BB9700311207;
			productRefGroup = 3A7830BE2440BB9800311207 /* Products */;
			projectDirPath = "";
			projectRoot = "";
			targets = (
				3A7830BC2440BB9700311207 /* checkListNoBreaks */,
			);
		};
/* End PBXProject section */

/* Begin PBXResourcesBuildPhase section */
		3A7830BB2440BB9700311207 /* Resources */ = {
			isa = PBXResourcesBuildPhase;
			buildActionMask = 2147483647;
			files = (
				3A7830CD2440BB9A00311207 /* LaunchScreen.storyboard in Resources */,
				3A7830CA2440BB9A00311207 /* Assets.xcassets in Resources */,
				3A7830C82440BB9800311207 /* Main.storyboard in Resources */,
			);
			runOnlyForDeploymentPostprocessing = 0;
		};
/* End PBXResourcesBuildPhase section */

/* Begin PBXSourcesBuildPhase section */
		3A7830B92440BB9700311207 /* Sources */ = {
			isa = PBXSourcesBuildPhase;
			buildActionMask = 2147483647;
			files = (
				3A7830C52440BB9800311207 /* ViewController.swift in Sources */,
				3A7830C12440BB9800311207 /* AppDelegate.swift in Sources */,
				3A7830C32440BB9800311207 /* SceneDelegate.swift in Sources */,
				3A7830D52440BCBF00311207 /* MyToDo.swift in Sources */,
			);
			runOnlyForDeploymentPostprocessing = 0;
		};
/* End PBXSourcesBuildPhase section */

/* Begin PBXVariantGroup section */
		3A7830C62440BB9800311207 /* Main.storyboard */ = {
			isa = PBXVariantGroup;
			children = (
				3A7830C72440BB9800311207 /* Base */,
			);
			name = Main.storyboard;
			sourceTree = "<group>";
		};
		3A7830CB2440BB9A00311207 /* LaunchScreen.storyboard */ = {
			isa = PBXVariantGroup;
			children = (
				3A7830CC2440BB9A00311207 /* Base */,
			);
			name = LaunchScreen.storyboard;
			sourceTree = "<group>";
		};
/* End PBXVariantGroup section */

/* Begin XCBuildConfiguration section */
		3A7830CF2440BB9A00311207 /* Debug */ = {
			isa = XCBuildConfiguration;
			buildSettings = {
				ALWAYS_SEARCH_USER_PATHS = NO;
				CLANG_ANALYZER_NONNULL = YES;
				CLANG_ANALYZER_NUMBER_OBJECT_CONVERSION = YES_AGGRESSIVE;
				CLANG_CXX_LANGUAGE_STANDARD = "gnu++14";
				CLANG_CXX_LIBRARY = "libc++";
				CLANG_ENABLE_MODULES = YES;
				CLANG_ENABLE_OBJC_ARC = YES;
				CLANG_ENABLE_OBJC_WEAK = YES;
				CLANG_WARN_BLOCK_CAPTURE_AUTORELEASING = YES;
				CLANG_WARN_BOOL_CONVERSION = YES;
				CLANG_WARN_COMMA = YES;
				CLANG_WARN_CONSTANT_CONVERSION = YES;
				CLANG_WARN_DEPRECATED_OBJC_IMPLEMENTATIONS = YES;
				CLANG_WARN_DIRECT_OBJC_ISA_USAGE = YES_ERROR;
				CLANG_WARN_DOCUMENTATION_COMMENTS = YES;
				CLANG_WARN_EMPTY_BODY = YES;
				CLANG_WARN_ENUM_CONVERSION = YES;
				CLANG_WARN_INFINITE_RECURSION = YES;
				CLANG_WARN_INT_CONVERSION = YES;
				CLANG_WARN_NON_LITERAL_NULL_CONVERSION = YES;
				CLANG_WARN_OBJC_IMPLICIT_RETAIN_SELF = YES;
				CLANG_WARN_OBJC_LITERAL_CONVERSION = YES;
				CLANG_WARN_OBJC_ROOT_CLASS = YES_ERROR;
				CLANG_WARN_RANGE_LOOP_ANALYSIS = YES;
				CLANG_WARN_STRICT_PROTOTYPES = YES;
				CLANG_WARN_SUSPICIOUS_MOVE = YES;
				CLANG_WARN_UNGUARDED_AVAILABILITY = YES_AGGRESSIVE;
				CLANG_WARN_UNREACHABLE_CODE = YES;
				CLANG_WARN__DUPLICATE_METHOD_MATCH = YES;
				COPY_PHASE_STRIP = NO;
				DEBUG_INFORMATION_FORMAT = dwarf;
				ENABLE_STRICT_OBJC_MSGSEND = YES;
				ENABLE_TESTABILITY = YES;
				GCC_C_LANGUAGE_STANDARD = gnu11;
				GCC_DYNAMIC_NO_PIC = NO;
				GCC_NO_COMMON_BLOCKS = YES;
				GCC_OPTIMIZATION_LEVEL = 0;
				GCC_PREPROCESSOR_DEFINITIONS = (
					"DEBUG=1",
					"$(inherited)",
				);
				GCC_WARN_64_TO_32_BIT_CONVERSION = YES;
				GCC_WARN_ABOUT_RETURN_TYPE = YES_ERROR;
				GCC_WARN_UNDECLARED_SELECTOR = YES;
				GCC_WARN_UNINITIALIZED_AUTOS = YES_AGGRESSIVE;
				GCC_WARN_UNUSED_FUNCTION = YES;
				GCC_WARN_UNUSED_VARIABLE = YES;
				IPHONEOS_DEPLOYMENT_TARGET = 13.2;
				MTL_ENABLE_DEBUG_INFO = INCLUDE_SOURCE;
				MTL_FAST_MATH = YES;
				ONLY_ACTIVE_ARCH = YES;
				SDKROOT = iphoneos;
				SWIFT_ACTIVE_COMPILATION_CONDITIONS = DEBUG;
				SWIFT_OPTIMIZATION_LEVEL = "-Onone";
			};
			name = Debug;
		};
		3A7830D02440BB9A00311207 /* Release */ = {
			isa = XCBuildConfiguration;
			buildSettings = {
				ALWAYS_SEARCH_USER_PATHS = NO;
				CLANG_ANALYZER_NONNULL = YES;
				CLANG_ANALYZER_NUMBER_OBJECT_CONVERSION = YES_AGGRESSIVE;
				CLANG_CXX_LANGUAGE_STANDARD = "gnu++14";
				CLANG_CXX_LIBRARY = "libc++";
				CLANG_ENABLE_MODULES = YES;
				CLANG_ENABLE_OBJC_ARC = YES;
				CLANG_ENABLE_OBJC_WEAK = YES;
				CLANG_WARN_BLOCK_CAPTURE_AUTORELEASING = YES;
				CLANG_WARN_BOOL_CONVERSION = YES;
				CLANG_WARN_COMMA = YES;
				CLANG_WARN_CONSTANT_CONVERSION = YES;
				CLANG_WARN_DEPRECATED_OBJC_IMPLEMENTATIONS = YES;
				CLANG_WARN_DIRECT_OBJC_ISA_USAGE = YES_ERROR;
				CLANG_WARN_DOCUMENTATION_COMMENTS = YES;
				CLANG_WARN_EMPTY_BODY = YES;
				CLANG_WARN_ENUM_CONVERSION = YES;
				CLANG_WARN_INFINITE_RECURSION = YES;
				CLANG_WARN_INT_CONVERSION = YES;
				CLANG_WARN_NON_LITERAL_NULL_CONVERSION = YES;
				CLANG_WARN_OBJC_IMPLICIT_RETAIN_SELF = YES;
				CLANG_WARN_OBJC_LITERAL_CONVERSION = YES;
				CLANG_WARN_OBJC_ROOT_CLASS = YES_ERROR;
				CLANG_WARN_RANGE_LOOP_ANALYSIS = YES;
				CLANG_WARN_STRICT_PROTOTYPES = YES;
				CLANG_WARN_SUSPICIOUS_MOVE = YES;
				CLANG_WARN_UNGUARDED_AVAILABILITY = YES_AGGRESSIVE;
				CLANG_WARN_UNREACHABLE_CODE = YES;
				CLANG_WARN__DUPLICATE_METHOD_MATCH = YES;
				COPY_PHASE_STRIP = NO;
				DEBUG_INFORMATION_FORMAT = "dwarf-with-dsym";
				ENABLE_NS_ASSERTIONS = NO;
				ENABLE_STRICT_OBJC_MSGSEND = YES;
				GCC_C_LANGUAGE_STANDARD = gnu11;
				GCC_NO_COMMON_BLOCKS = YES;
				GCC_WARN_64_TO_32_BIT_CONVERSION = YES;
				GCC_WARN_ABOUT_RETURN_TYPE = YES_ERROR;
				GCC_WARN_UNDECLARED_SELECTOR = YES;
				GCC_WARN_UNINITIALIZED_AUTOS = YES_AGGRESSIVE;
				GCC_WARN_UNUSED_FUNCTION = YES;
				GCC_WARN_UNUSED_VARIABLE = YES;
				IPHONEOS_DEPLOYMENT_TARGET = 13.2;
				MTL_ENABLE_DEBUG_INFO = NO;
				MTL_FAST_MATH = YES;
				SDKROOT = iphoneos;
				SWIFT_COMPILATION_MODE = wholemodule;
				SWIFT_OPTIMIZATION_LEVEL = "-O";
				VALIDATE_PRODUCT = YES;
			};
			name = Release;
		};
		3A7830D22440BB9A00311207 /* Debug */ = {
			isa = XCBuildConfiguration;
			buildSettings = {
				ASSETCATALOG_COMPILER_APPICON_NAME = AppIcon;
				CODE_SIGN_STYLE = Automatic;
				INFOPLIST_FILE = checkListNoBreaks/Info.plist;
				LD_RUNPATH_SEARCH_PATHS = (
					"$(inherited)",
					"@executable_path/Frameworks",
				);
				PRODUCT_BUNDLE_IDENTIFIER = company.checkListNoBreaks;
				PRODUCT_NAME = "$(TARGET_NAME)";
				SWIFT_VERSION = 5.0;
				TARGETED_DEVICE_FAMILY = "1,2";
			};
			name = Debug;
		};
		3A7830D32440BB9A00311207 /* Release */ = {
			isa = XCBuildConfiguration;
			buildSettings = {
				ASSETCATALOG_COMPILER_APPICON_NAME = AppIcon;
				CODE_SIGN_STYLE = Automatic;
				INFOPLIST_FILE = checkListNoBreaks/Info.plist;
				LD_RUNPATH_SEARCH_PATHS = (
					"$(inherited)",
					"@executable_path/Frameworks",
				);
				PRODUCT_BUNDLE_IDENTIFIER = company.checkListNoBreaks;
				PRODUCT_NAME = "$(TARGET_NAME)";
				SWIFT_VERSION = 5.0;
				TARGETED_DEVICE_FAMILY = "1,2";
			};
			name = Release;
		};
/* End XCBuildConfiguration section */

/* Begin XCConfigurationList section */
		3A7830B82440BB9700311207 /* Build configuration list for PBXProject "checkListNoBreaks" */ = {
			isa = XCConfigurationList;
			buildConfigurations = (
				3A7830CF2440BB9A00311207 /* Debug */,
				3A7830D02440BB9A00311207 /* Release */,
			);
			defaultConfigurationIsVisible = 0;
			defaultConfigurationName = Release;
		};
		3A7830D12440BB9A00311207 /* Build configuration list for PBXNativeTarget "checkListNoBreaks" */ = {
			isa = XCConfigurationList;
			buildConfigurations = (
				3A7830D22440BB9A00311207 /* Debug */,
				3A7830D32440BB9A00311207 /* Release */,
			);
			defaultConfigurationIsVisible = 0;
			defaultConfigurationName = Release;
		};
/* End XCConfigurationList section */
	};
	rootObject = 3A7830B52440BB9700311207 /* Project object */;
}
